
Microsoft Visual Studio Solution File, Format Version 12.00
# Visual Studio Version 16
VisualStudioVersion = 16.0.29709.97
MinimumVisualStudioVersion = 10.0.40219.1
Project("{FAE04EC0-301F-11D3-BF4B-00C04F79EFBC}") = "Core.API", "Core.API.csproj", "{222B3C00-1C5E-417A-9C49-F8923C620A83}"
EndProject
Global
	GlobalSection(SolutionConfigurationPlatforms) = preSolution
		Debug|Any CPU = Debug|Any CPU
		Release|Any CPU = Release|Any CPU
	EndGlobalSection
	GlobalSection(ProjectConfigurationPlatforms) = postSolution
		{222B3C00-1C5E-417A-9C49-F8923C620A83}.Debug|Any CPU.ActiveCfg = Debug|Any CPU
		{222B3C00-1C5E-417A-9C49-F8923C620A83}.Debug|Any CPU.Build.0 = Debug|Any CPU
		{222B3C00-1C5E-417A-9C49-F8923C620A83}.Release|Any CPU.ActiveCfg = Release|Any CPU
		{222B3C00-1C5E-417A-9C49-F8923C620A83}.Release|Any CPU.Build.0 = Release|Any CPU
	EndGlobalSection
	GlobalSection(SolutionProperties) = preSolution
		HideSolutionNode = FALSE
	EndGlobalSection
	GlobalSection(ExtensibilityGlobals) = postSolution
		SolutionGuid = {CE0AFEA7-3DAA-4747-9F30-3B86C03CEF7B}
	EndGlobalSection
EndGlobal
